# THIS IS AN AUTOGENERATED FILE. DO NOT EDIT THIS FILE DIRECTLY.
# yarn lockfile v1


"@babel/runtime@^7.17.0":
  version "7.17.2"
  resolved "https://registry.yarnpkg.com/@babel/runtime/-/runtime-7.17.2.tgz#66f68591605e59da47523c631416b18508779941"
  integrity sha512-hzeyJyMA1YGdJTuWU0e/j4wKXrU4OMFvY2MSlaI9B7VQb0r5cxTE3EAIS2Q7Tn2RIcDkRvTA/v2JsAEhxe99uw==
  dependencies:
    regenerator-runtime "^0.13.4"

"@redux-devtools/extension@^3.2.2":
  version "3.2.2"
  resolved "https://registry.yarnpkg.com/@redux-devtools/extension/-/extension-3.2.2.tgz#2d6da4df2c4d32a0aac54d824e46f52b1fd9fc4d"
  integrity sha512-fKA2TWNzJF7wXSDwBemwcagBFudaejXCzH5hRszN3Z6B7XEJtEmGD77AjV0wliZpIZjA/fs3U7CejFMQ+ipS7A==
  dependencies:
    "@babel/runtime" "^7.17.0"

lodash@^4.17.21:
  version "4.17.21"
  resolved "https://registry.yarnpkg.com/lodash/-/lodash-4.17.21.tgz#679591c564c3bffaae8454cf0b3df370c3d6911c"
  integrity sha512-v2kDEe57lecTulaDIuNTPy3Ry4gLGJ6Z1O3vE1krgXZNrsQ+LFTGHVxVjcXPs17LhbZVGedAJv8XZ1tvj5FvSg==

redux-store-generator@^0.9.72:
  version "0.9.72"
  resolved "https://registry.yarnpkg.com/redux-store-generator/-/redux-store-generator-0.9.72.tgz#29846bfa671abff464c095ffc088bf01fe750f9f"
  integrity sha512-9719nRIYRD+3Hh0byfvw01vzSz6QJG/5oGedp5Oq2exH50bkBARHtxA5DWHIo9NPmGzTg2bS8/hd5ewzQu2kuw==

regenerator-runtime@^0.13.4:
  version "0.13.9"
  resolved "https://registry.yarnpkg.com/regenerator-runtime/-/regenerator-runtime-0.13.9.tgz#8925742a98ffd90814988d7566ad30ca3b263b52"
  integrity sha512-p3VT+cOEgxFsRRA9X4lkI1E+k2/CtnKtU4gcxyaCUreilL/vqI6CdZ3wxVUx3UOUg+gnUOQQcRI7BmSI656MYA==
