{
  "version": "v1",
  "packages": {
    "igrid": {
      "signature": "1adadbbb682b60caa3fd3748d31b2ac4",
      "file": true,
      "replaced": "^0.0.5"
    },
    "redux-connected": {
      "signature": "00caacd996f0aa9efe02fb567812f7ad",
      "file": true,
      "replaced": "^0.0.11"
    }
  }
}