{
  "version": "v1",
  "packages": {
    "igrid": {
      "signature": "1adadbbb682b60caa3fd3748d31b2ac4",
      "file": true,
      "replaced": "^0.0.5"
    },
    "redux-connected": {
      "signature": "2f46d2253ed38568baa0de8030458645",
      "file": true,
      "replaced": "^0.0.11"
    }
  }
}