{
  "version": "v1",
  "packages": {
    "igrid": {
      "signature": "1adadbbb682b60caa3fd3748d31b2ac4",
      "file": true,
      "replaced": "^0.0.5"
    },
    "redux-connected": {
      "signature": "1ec2b3363113dafa67a8bf9f6e64fc87",
      "file": true,
      "replaced": "^0.0.11"
    }
  }
}